{
  "nodes": {
    "hosts-blocklists": {
      "flake": false,
      "locked": {
        "lastModified": 1671269051,
        "narHash": "sha256-KSV43rZ7o2wnXAF1jmitp+b/dqRL28i8q23vwWa7gTU=",
        "owner": "notracking",
        "repo": "hosts-blocklists",
        "rev": "12e770464f2b1da68c281b2889ca404d6db249ae",
        "type": "github"
      },
      "original": {
        "owner": "notracking",
        "repo": "hosts-blocklists",
        "type": "github"
      }
    },
    "nixpkgs": {
      "locked": {
        "lastModified": 1671200928,
        "narHash": "sha256-mZfzDyzojwj6I0wyooIjGIn81WtGVnx6+avU5Wv+VKU=",
        "owner": "nixos",
        "repo": "nixpkgs",
        "rev": "757b82211463dd5ba1475b6851d3731dfe14d377",
        "type": "github"
      },
      "original": {
        "owner": "nixos",
        "ref": "nixos-unstable",
        "repo": "nixpkgs",
        "type": "github"
      }
    },
    "root": {
      "inputs": {
        "hosts-blocklists": "hosts-blocklists",
        "nixpkgs": "nixpkgs"
      }
    }
  },
  "root": "root",
  "version": 7
}
