{
  "nodes": {
    "hosts-blocklists": {
      "flake": false,
      "locked": {
        "lastModified": 1668773388,
        "narHash": "sha256-Qp7+qKo5NQ/9oZeGf0ErozhcpFumYw6zhhwGPdnEDsA=",
        "owner": "notracking",
        "repo": "hosts-blocklists",
        "rev": "d9f7b90864aa7a8e249307135ff9cee8b27d2cb6",
        "type": "github"
      },
      "original": {
        "owner": "notracking",
        "repo": "hosts-blocklists",
        "type": "github"
      }
    },
    "nixpkgs": {
      "locked": {
        "lastModified": 1668765800,
        "narHash": "sha256-rC40+/W6Hio7b/RsY8SvQPKNx4WqNcTgfYv8cUMAvJk=",
        "owner": "nixos",
        "repo": "nixpkgs",
        "rev": "52b2ac8ae18bbad4374ff0dd5aeee0fdf1aea739",
        "type": "github"
      },
      "original": {
        "owner": "nixos",
        "ref": "nixos-unstable",
        "repo": "nixpkgs",
        "type": "github"
      }
    },
    "root": {
      "inputs": {
        "hosts-blocklists": "hosts-blocklists",
        "nixpkgs": "nixpkgs"
      }
    }
  },
  "root": "root",
  "version": 7
}
