{
  "nodes": {
    "hosts-blocklists": {
      "flake": false,
      "locked": {
        "lastModified": 1673074578,
        "narHash": "sha256-WLp7Wud/FPG3X6f6LpIbKsWDxh6RJMU8PKqgLoLan8w=",
        "owner": "notracking",
        "repo": "hosts-blocklists",
        "rev": "37a1e98e4125ba0ed866d76b8722013245da6ada",
        "type": "github"
      },
      "original": {
        "owner": "notracking",
        "repo": "hosts-blocklists",
        "type": "github"
      }
    },
    "nixpkgs": {
      "locked": {
        "lastModified": 1672953546,
        "narHash": "sha256-oz757DnJ1ITvwyTovuwG3l9cX6j9j6/DH9eH+cXFJmc=",
        "owner": "nixos",
        "repo": "nixpkgs",
        "rev": "a518c77148585023ff56022f09c4b2c418a51ef5",
        "type": "github"
      },
      "original": {
        "owner": "nixos",
        "ref": "nixos-unstable",
        "repo": "nixpkgs",
        "type": "github"
      }
    },
    "root": {
      "inputs": {
        "hosts-blocklists": "hosts-blocklists",
        "nixpkgs": "nixpkgs"
      }
    }
  },
  "root": "root",
  "version": 7
}
